Microsoft Visual Studio Solution File, Format Version 12.00
# Visual Studio 2012
Project("{FAE04EC0-301F-11D3-BF4B-00C04F79EFBC}") = "WebSocket Chat Demo", "WebSocket Chat Demo.csproj", "{931E1D14-C933-43E5-B97B-6AF7588F5633}"
EndProject
Global
	GlobalSection(SolutionConfigurationPlatforms) = preSolution
	Debug|Any CPU = Debug|Any CPU
	ExportDebug|Any CPU = ExportDebug|Any CPU
	ExportRelease|Any CPU = ExportRelease|Any CPU
	EndGlobalSection
	GlobalSection(ProjectConfigurationPlatforms) = postSolution
		{931E1D14-C933-43E5-B97B-6AF7588F5633}.Debug|Any CPU.ActiveCfg = Debug|Any CPU
		{931E1D14-C933-43E5-B97B-6AF7588F5633}.Debug|Any CPU.Build.0 = Debug|Any CPU
		{931E1D14-C933-43E5-B97B-6AF7588F5633}.ExportDebug|Any CPU.ActiveCfg = ExportDebug|Any CPU
		{931E1D14-C933-43E5-B97B-6AF7588F5633}.ExportDebug|Any CPU.Build.0 = ExportDebug|Any CPU
		{931E1D14-C933-43E5-B97B-6AF7588F5633}.ExportRelease|Any CPU.ActiveCfg = ExportRelease|Any CPU
		{931E1D14-C933-43E5-B97B-6AF7588F5633}.ExportRelease|Any CPU.Build.0 = ExportRelease|Any CPU
	EndGlobalSection
EndGlobal
